
Microsoft Visual Studio Solution File, Format Version 12.00
# Visual Studio Version 16
VisualStudioVersion = 16.0.31911.196
MinimumVisualStudioVersion = 10.0.40219.1
Project("{FAE04EC0-301F-11D3-BF4B-00C04F79EFBC}") = "ArlexGuzmanMVC", "..\..\..\..\..\Public\DataPublica\ArlexGuzmanMVC\ArlexGuzmanMVC.csproj", "{FC1491FB-2C00-4231-856F-F2DD080B6383}"
EndProject
Project("{FAE04EC0-301F-11D3-BF4B-00C04F79EFBC}") = "ArlexGuzmanAPI", "..\..\..\..\..\Public\DataPublica\ArlexGuzmanAPI\ArlexGuzmanAPI.csproj", "{6D17ED33-3D6C-49B6-8F75-40A65CD115D2}"
EndProject
Global
	GlobalSection(SolutionConfigurationPlatforms) = preSolution
		Debug|Any CPU = Debug|Any CPU
		Release|Any CPU = Release|Any CPU
	EndGlobalSection
	GlobalSection(ProjectConfigurationPlatforms) = postSolution
		{FC1491FB-2C00-4231-856F-F2DD080B6383}.Debug|Any CPU.ActiveCfg = Debug|Any CPU
		{FC1491FB-2C00-4231-856F-F2DD080B6383}.Debug|Any CPU.Build.0 = Debug|Any CPU
		{FC1491FB-2C00-4231-856F-F2DD080B6383}.Release|Any CPU.ActiveCfg = Release|Any CPU
		{FC1491FB-2C00-4231-856F-F2DD080B6383}.Release|Any CPU.Build.0 = Release|Any CPU
		{6D17ED33-3D6C-49B6-8F75-40A65CD115D2}.Debug|Any CPU.ActiveCfg = Debug|Any CPU
		{6D17ED33-3D6C-49B6-8F75-40A65CD115D2}.Debug|Any CPU.Build.0 = Debug|Any CPU
		{6D17ED33-3D6C-49B6-8F75-40A65CD115D2}.Release|Any CPU.ActiveCfg = Release|Any CPU
		{6D17ED33-3D6C-49B6-8F75-40A65CD115D2}.Release|Any CPU.Build.0 = Release|Any CPU
	EndGlobalSection
	GlobalSection(SolutionProperties) = preSolution
		HideSolutionNode = FALSE
	EndGlobalSection
	GlobalSection(ExtensibilityGlobals) = postSolution
		SolutionGuid = {09F65D95-EADF-4D34-83E9-6836650BEFFF}
	EndGlobalSection
EndGlobal
